{
  "nodes": {
    "SSO-Auth": {
      "flake": false,
      "locked": {
        "narHash": "sha256-Maarlz0aQvucLhEYmm4Wv7/6Y+SU6Bsczmed6f+5qRo=",
        "type": "file",
        "url": "https://github.com/9p4/jellyfin-plugin-sso/releases/download/v4.0.0.3/sso-authentication_4.0.0.3.zip"
      },
      "original": {
        "type": "file",
        "url": "https://github.com/9p4/jellyfin-plugin-sso/releases/download/v4.0.0.3/sso-authentication_4.0.0.3.zip"
      }
    },
    "kodisyncqueue": {
      "flake": false,
      "locked": {
        "narHash": "sha256-OVaiIHKGXfmyA3QAHPoPkAS7qnKnVeEffXiuIrFB5DA=",
        "type": "file",
        "url": "https://github.com/jellyfin/jellyfin-plugin-kodisyncqueue/releases/download/v15/kodi-sync-queue_15.0.0.0.zip"
      },
      "original": {
        "type": "file",
        "url": "https://github.com/jellyfin/jellyfin-plugin-kodisyncqueue/releases/download/v15/kodi-sync-queue_15.0.0.0.zip"
      }
    },
    "nixpkgs": {
      "locked": {
        "lastModified": 1745930157,
        "narHash": "sha256-y3h3NLnzRSiUkYpnfvnS669zWZLoqqI6NprtLQ+5dck=",
        "owner": "nixos",
        "repo": "nixpkgs",
        "rev": "46e634be05ce9dc6d4db8e664515ba10b78151ae",
        "type": "github"
      },
      "original": {
        "owner": "nixos",
        "ref": "nixos-unstable",
        "repo": "nixpkgs",
        "type": "github"
      }
    },
    "root": {
      "inputs": {
        "SSO-Auth": "SSO-Auth",
        "kodisyncqueue": "kodisyncqueue",
        "nixpkgs": "nixpkgs"
      }
    }
  },
  "root": "root",
  "version": 7
}
