{
  "nodes": {
    "SSO-Auth": {
      "flake": false,
      "locked": {
        "narHash": "sha256-hCLwEvVgoiIhp/74DACizg3NgeT6zXfBVdytM4pkfxg=",
        "type": "file",
        "url": "https://github.com/9p4/jellyfin-plugin-sso/releases/download/v3.5.2.4/sso-authentication_3.5.2.4.zip"
      },
      "original": {
        "type": "file",
        "url": "https://github.com/9p4/jellyfin-plugin-sso/releases/download/v3.5.2.4/sso-authentication_3.5.2.4.zip"
      }
    },
    "kodisyncqueue": {
      "flake": false,
      "locked": {
        "narHash": "sha256-jEIVmhcoe12h/IJunpT84r6tbuJo41t9SkX+66VXZhQ=",
        "type": "file",
        "url": "https://github.com/jellyfin/jellyfin-plugin-kodisyncqueue/releases/download/v11/kodi-sync-queue_11.0.0.0.zip"
      },
      "original": {
        "type": "file",
        "url": "https://github.com/jellyfin/jellyfin-plugin-kodisyncqueue/releases/download/v11/kodi-sync-queue_11.0.0.0.zip"
      }
    },
    "nixpkgs": {
      "locked": {
        "lastModified": 1729665710,
        "narHash": "sha256-AlcmCXJZPIlO5dmFzV3V2XF6x/OpNWUV8Y/FMPGd8Z4=",
        "owner": "nixos",
        "repo": "nixpkgs",
        "rev": "2768c7d042a37de65bb1b5b3268fc987e534c49d",
        "type": "github"
      },
      "original": {
        "owner": "nixos",
        "ref": "nixos-unstable",
        "repo": "nixpkgs",
        "type": "github"
      }
    },
    "root": {
      "inputs": {
        "SSO-Auth": "SSO-Auth",
        "kodisyncqueue": "kodisyncqueue",
        "nixpkgs": "nixpkgs"
      }
    }
  },
  "root": "root",
  "version": 7
}
