{
  "nodes": {
    "Jellyfin.Plugin.KodiSyncQueue": {
      "flake": false,
      "locked": {
        "narHash": "sha256-55+LA+X/qxN/SQjKvxtzIetdG/O9MlM1mNuZRn+Delw=",
        "type": "file",
        "url": "https://github.com/jellyfin/jellyfin-plugin-kodisyncqueue/releases/download/v9/kodi-sync-queue_9.0.0.0.zip"
      },
      "original": {
        "type": "file",
        "url": "https://github.com/jellyfin/jellyfin-plugin-kodisyncqueue/releases/download/v9/kodi-sync-queue_9.0.0.0.zip"
      }
    },
    "SSO-Auth": {
      "flake": false,
      "locked": {
        "narHash": "sha256-8pi19vdGzHXQAMzC+HQP3nmPLxgF6A6VTV+zx0oeofc=",
        "type": "file",
        "url": "https://github.com/9p4/jellyfin-plugin-sso/releases/download/v3.5.2.3/sso-authentication_3.5.2.3.zip"
      },
      "original": {
        "type": "file",
        "url": "https://github.com/9p4/jellyfin-plugin-sso/releases/download/v3.5.2.3/sso-authentication_3.5.2.3.zip"
      }
    },
    "nixpkgs": {
      "locked": {
        "lastModified": 1712439257,
        "narHash": "sha256-aSpiNepFOMk9932HOax0XwNxbA38GOUVOiXfUVPOrck=",
        "owner": "nixos",
        "repo": "nixpkgs",
        "rev": "ff0dbd94265ac470dda06a657d5fe49de93b4599",
        "type": "github"
      },
      "original": {
        "owner": "nixos",
        "ref": "nixos-unstable",
        "repo": "nixpkgs",
        "type": "github"
      }
    },
    "root": {
      "inputs": {
        "Jellyfin.Plugin.KodiSyncQueue": "Jellyfin.Plugin.KodiSyncQueue",
        "SSO-Auth": "SSO-Auth",
        "nixpkgs": "nixpkgs"
      }
    }
  },
  "root": "root",
  "version": 7
}
